
Microsoft Visual Studio Solution File, Format Version 12.00
# Visual Studio Version 16
VisualStudioVersion = 16.0.30330.147
MinimumVisualStudioVersion = 10.0.40219.1
Project("{FAE04EC0-301F-11D3-BF4B-00C04F79EFBC}") = "StudentSIMS2", "StudentSIMS2\StudentSIMS2.csproj", "{99FC32C2-E769-478A-A373-722F1D21FC0A}"
EndProject
Global
	GlobalSection(SolutionConfigurationPlatforms) = preSolution
		Debug|Any CPU = Debug|Any CPU
		Release|Any CPU = Release|Any CPU
	EndGlobalSection
	GlobalSection(ProjectConfigurationPlatforms) = postSolution
		{99FC32C2-E769-478A-A373-722F1D21FC0A}.Debug|Any CPU.ActiveCfg = Debug|Any CPU
		{99FC32C2-E769-478A-A373-722F1D21FC0A}.Debug|Any CPU.Build.0 = Debug|Any CPU
		{99FC32C2-E769-478A-A373-722F1D21FC0A}.Release|Any CPU.ActiveCfg = Release|Any CPU
		{99FC32C2-E769-478A-A373-722F1D21FC0A}.Release|Any CPU.Build.0 = Release|Any CPU
	EndGlobalSection
	GlobalSection(SolutionProperties) = preSolution
		HideSolutionNode = FALSE
	EndGlobalSection
	GlobalSection(ExtensibilityGlobals) = postSolution
		SolutionGuid = {8FFB5A45-88F7-4B8F-97F2-18C8F8394AE3}
	EndGlobalSection
EndGlobal
